
Microsoft Visual Studio Solution File, Format Version 12.00
# Visual Studio Version 16
VisualStudioVersion = 16.0.31727.386
MinimumVisualStudioVersion = 10.0.40219.1
Project("{FAE04EC0-301F-11D3-BF4B-00C04F79EFBC}") = "MyWcfService_2", "MyWcfService_2\MyWcfService_2.csproj", "{7F4EB812-A2D2-4F2E-BB8B-7A2B7BBA31FF}"
EndProject
Project("{FAE04EC0-301F-11D3-BF4B-00C04F79EFBC}") = "WindowsFormsApp1", "WindowsFormsApp1\WindowsFormsApp1.csproj", "{BE5B733C-713B-496A-90D5-DA1832C6B579}"
	ProjectSection(ProjectDependencies) = postProject
		{7F4EB812-A2D2-4F2E-BB8B-7A2B7BBA31FF} = {7F4EB812-A2D2-4F2E-BB8B-7A2B7BBA31FF}
	EndProjectSection
EndProject
Project("{FAE04EC0-301F-11D3-BF4B-00C04F79EFBC}") = "WebApplication2", "WebApplication2\WebApplication2.csproj", "{47F69D84-D2A4-4154-A60B-BEC3713BA076}"
	ProjectSection(ProjectDependencies) = postProject
		{7F4EB812-A2D2-4F2E-BB8B-7A2B7BBA31FF} = {7F4EB812-A2D2-4F2E-BB8B-7A2B7BBA31FF}
	EndProjectSection
EndProject
Project("{FAE04EC0-301F-11D3-BF4B-00C04F79EFBC}") = "WindowsFormsApp2", "WindowsFormsApp2\WindowsFormsApp2.csproj", "{59ADC3D9-2204-4C39-A9D6-B62F114A1773}"
EndProject
Project("{FAE04EC0-301F-11D3-BF4B-00C04F79EFBC}") = "WindowsFormsApp3", "WindowsFormsApp3\WindowsFormsApp3.csproj", "{4D655DBE-E145-4E06-BA44-8094F7015378}"
	ProjectSection(ProjectDependencies) = postProject
		{7F4EB812-A2D2-4F2E-BB8B-7A2B7BBA31FF} = {7F4EB812-A2D2-4F2E-BB8B-7A2B7BBA31FF}
	EndProjectSection
EndProject
Global
	GlobalSection(SolutionConfigurationPlatforms) = preSolution
		Debug|Any CPU = Debug|Any CPU
		Release|Any CPU = Release|Any CPU
	EndGlobalSection
	GlobalSection(ProjectConfigurationPlatforms) = postSolution
		{7F4EB812-A2D2-4F2E-BB8B-7A2B7BBA31FF}.Debug|Any CPU.ActiveCfg = Debug|Any CPU
		{7F4EB812-A2D2-4F2E-BB8B-7A2B7BBA31FF}.Debug|Any CPU.Build.0 = Debug|Any CPU
		{7F4EB812-A2D2-4F2E-BB8B-7A2B7BBA31FF}.Release|Any CPU.ActiveCfg = Release|Any CPU
		{7F4EB812-A2D2-4F2E-BB8B-7A2B7BBA31FF}.Release|Any CPU.Build.0 = Release|Any CPU
		{BE5B733C-713B-496A-90D5-DA1832C6B579}.Debug|Any CPU.ActiveCfg = Debug|Any CPU
		{BE5B733C-713B-496A-90D5-DA1832C6B579}.Debug|Any CPU.Build.0 = Debug|Any CPU
		{BE5B733C-713B-496A-90D5-DA1832C6B579}.Release|Any CPU.ActiveCfg = Release|Any CPU
		{BE5B733C-713B-496A-90D5-DA1832C6B579}.Release|Any CPU.Build.0 = Release|Any CPU
		{47F69D84-D2A4-4154-A60B-BEC3713BA076}.Debug|Any CPU.ActiveCfg = Debug|Any CPU
		{47F69D84-D2A4-4154-A60B-BEC3713BA076}.Debug|Any CPU.Build.0 = Debug|Any CPU
		{47F69D84-D2A4-4154-A60B-BEC3713BA076}.Release|Any CPU.ActiveCfg = Release|Any CPU
		{47F69D84-D2A4-4154-A60B-BEC3713BA076}.Release|Any CPU.Build.0 = Release|Any CPU
		{59ADC3D9-2204-4C39-A9D6-B62F114A1773}.Debug|Any CPU.ActiveCfg = Debug|Any CPU
		{59ADC3D9-2204-4C39-A9D6-B62F114A1773}.Debug|Any CPU.Build.0 = Debug|Any CPU
		{59ADC3D9-2204-4C39-A9D6-B62F114A1773}.Release|Any CPU.ActiveCfg = Release|Any CPU
		{59ADC3D9-2204-4C39-A9D6-B62F114A1773}.Release|Any CPU.Build.0 = Release|Any CPU
		{4D655DBE-E145-4E06-BA44-8094F7015378}.Debug|Any CPU.ActiveCfg = Debug|Any CPU
		{4D655DBE-E145-4E06-BA44-8094F7015378}.Debug|Any CPU.Build.0 = Debug|Any CPU
		{4D655DBE-E145-4E06-BA44-8094F7015378}.Release|Any CPU.ActiveCfg = Release|Any CPU
		{4D655DBE-E145-4E06-BA44-8094F7015378}.Release|Any CPU.Build.0 = Release|Any CPU
	EndGlobalSection
	GlobalSection(SolutionProperties) = preSolution
		HideSolutionNode = FALSE
	EndGlobalSection
	GlobalSection(ExtensibilityGlobals) = postSolution
		SolutionGuid = {19AD3989-EEB2-4563-88CC-EA2A9FEDE282}
	EndGlobalSection
EndGlobal
